
Microsoft Visual Studio Solution File, Format Version 12.00
# Visual Studio 15
Project("{FAE04EC0-301F-11D3-BF4B-00C04F79EFBC}") = "Assembly-CSharp", "Assembly-CSharp.csproj", "{228697F0-1D71-76C7-D9C4-BAE162B31320}"
EndProject
Global
	GlobalSection(SolutionConfigurationPlatforms) = preSolution
		Debug|Any CPU = Debug|Any CPU
		Release|Any CPU = Release|Any CPU
	EndGlobalSection
	GlobalSection(ProjectConfigurationPlatforms) = postSolution
		{228697F0-1D71-76C7-D9C4-BAE162B31320}.Debug|Any CPU.ActiveCfg = Debug|Any CPU
		{228697F0-1D71-76C7-D9C4-BAE162B31320}.Debug|Any CPU.Build.0 = Debug|Any CPU
		{228697F0-1D71-76C7-D9C4-BAE162B31320}.Release|Any CPU.ActiveCfg = Release|Any CPU
		{228697F0-1D71-76C7-D9C4-BAE162B31320}.Release|Any CPU.Build.0 = Release|Any CPU
	EndGlobalSection
	GlobalSection(SolutionProperties) = preSolution
		HideSolutionNode = FALSE
	EndGlobalSection
EndGlobal
